// !$*UTF8*$!
{
	archiveVersion = 1;
	classes = {
	};
	objectVersion = 56;
	objects = {

/* Begin PBXBuildFile section */
		856CCC8D2BF8CDCC007C7F2E /* Apple_FrameworksApp.swift in Sources */ = {isa = PBXBuildFile; fileRef = 856CCC8C2BF8CDCC007C7F2E /* Apple_FrameworksApp.swift */; };
		856CCC8F2BF8CDCC007C7F2E /* FrameworkGridView.swift in Sources */ = {isa = PBXBuildFile; fileRef = 856CCC8E2BF8CDCC007C7F2E /* FrameworkGridView.swift */; };
		856CCC912BF8CDCD007C7F2E /* Assets.xcassets in Resources */ = {isa = PBXBuildFile; fileRef = 856CCC902BF8CDCD007C7F2E /* Assets.xcassets */; };
		856CCC942BF8CDCD007C7F2E /* Preview Assets.xcassets in Resources */ = {isa = PBXBuildFile; fileRef = 856CCC932BF8CDCD007C7F2E /* Preview Assets.xcassets */; };
		856CCC9B2BF8CEB7007C7F2E /* Framework.swift in Sources */ = {isa = PBXBuildFile; fileRef = 856CCC9A2BF8CEB7007C7F2E /* Framework.swift */; };
		856CCC9D2BF8D832007C7F2E /* FrameworkDetailView.swift in Sources */ = {isa = PBXBuildFile; fileRef = 856CCC9C2BF8D832007C7F2E /* FrameworkDetailView.swift */; };
		856CCC9F2BF907BD007C7F2E /* AFButton.swift in Sources */ = {isa = PBXBuildFile; fileRef = 856CCC9E2BF907BD007C7F2E /* AFButton.swift */; };
		856CCCA12BF911B1007C7F2E /* FrameworkGridViewModel.swift in Sources */ = {isa = PBXBuildFile; fileRef = 856CCCA02BF911B1007C7F2E /* FrameworkGridViewModel.swift */; };
		856CCCA32BF91852007C7F2E /* SafariView.swift in Sources */ = {isa = PBXBuildFile; fileRef = 856CCCA22BF91852007C7F2E /* SafariView.swift */; };
		856CCCA52BF91D4E007C7F2E /* FrameworkTitleView.swift in Sources */ = {isa = PBXBuildFile; fileRef = 856CCCA42BF91D4E007C7F2E /* FrameworkTitleView.swift */; };
		856CCCA72BF91E17007C7F2E /* ModelXButton.swift in Sources */ = {isa = PBXBuildFile; fileRef = 856CCCA62BF91E17007C7F2E /* ModelXButton.swift */; };
/* End PBXBuildFile section */

/* Begin PBXFileReference section */
		856CCC892BF8CDCC007C7F2E /* Apple-Frameworks.app */ = {isa = PBXFileReference; explicitFileType = wrapper.application; includeInIndex = 0; path = "Apple-Frameworks.app"; sourceTree = BUILT_PRODUCTS_DIR; };
		856CCC8C2BF8CDCC007C7F2E /* Apple_FrameworksApp.swift */ = {isa = PBXFileReference; lastKnownFileType = sourcecode.swift; path = Apple_FrameworksApp.swift; sourceTree = "<group>"; };
		856CCC8E2BF8CDCC007C7F2E /* FrameworkGridView.swift */ = {isa = PBXFileReference; lastKnownFileType = sourcecode.swift; path = FrameworkGridView.swift; sourceTree = "<group>"; };
		856CCC902BF8CDCD007C7F2E /* Assets.xcassets */ = {isa = PBXFileReference; lastKnownFileType = folder.assetcatalog; path = Assets.xcassets; sourceTree = "<group>"; };
		856CCC932BF8CDCD007C7F2E /* Preview Assets.xcassets */ = {isa = PBXFileReference; lastKnownFileType = folder.assetcatalog; path = "Preview Assets.xcassets"; sourceTree = "<group>"; };
		856CCC9A2BF8CEB7007C7F2E /* Framework.swift */ = {isa = PBXFileReference; lastKnownFileType = sourcecode.swift; path = Framework.swift; sourceTree = "<group>"; };
		856CCC9C2BF8D832007C7F2E /* FrameworkDetailView.swift */ = {isa = PBXFileReference; lastKnownFileType = sourcecode.swift; path = FrameworkDetailView.swift; sourceTree = "<group>"; };
		856CCC9E2BF907BD007C7F2E /* AFButton.swift */ = {isa = PBXFileReference; lastKnownFileType = sourcecode.swift; path = AFButton.swift; sourceTree = "<group>"; };
		856CCCA02BF911B1007C7F2E /* FrameworkGridViewModel.swift */ = {isa = PBXFileReference; lastKnownFileType = sourcecode.swift; path = FrameworkGridViewModel.swift; sourceTree = "<group>"; };
		856CCCA22BF91852007C7F2E /* SafariView.swift */ = {isa = PBXFileReference; lastKnownFileType = sourcecode.swift; path = SafariView.swift; sourceTree = "<group>"; };
		856CCCA42BF91D4E007C7F2E /* FrameworkTitleView.swift */ = {isa = PBXFileReference; lastKnownFileType = sourcecode.swift; path = FrameworkTitleView.swift; sourceTree = "<group>"; };
		856CCCA62BF91E17007C7F2E /* ModelXButton.swift */ = {isa = PBXFileReference; lastKnownFileType = sourcecode.swift; path = ModelXButton.swift; sourceTree = "<group>"; };
/* End PBXFileReference section */

/* Begin PBXFrameworksBuildPhase section */
		856CCC862BF8CDCC007C7F2E /* Frameworks */ = {
			isa = PBXFrameworksBuildPhase;
			buildActionMask = 2147483647;
			files = (
			);
			runOnlyForDeploymentPostprocessing = 0;
		};
/* End PBXFrameworksBuildPhase section */

/* Begin PBXGroup section */
		856CCC802BF8CDCC007C7F2E = {
			isa = PBXGroup;
			children = (
				856CCC8B2BF8CDCC007C7F2E /* Apple-Frameworks */,
				856CCC8A2BF8CDCC007C7F2E /* Products */,
			);
			sourceTree = "<group>";
		};
		856CCC8A2BF8CDCC007C7F2E /* Products */ = {
			isa = PBXGroup;
			children = (
				856CCC892BF8CDCC007C7F2E /* Apple-Frameworks.app */,
			);
			name = Products;
			sourceTree = "<group>";
		};
		856CCC8B2BF8CDCC007C7F2E /* Apple-Frameworks */ = {
			isa = PBXGroup;
			children = (
				856CCCAF2BF92010007C7F2E /* UIKit Components */,
				856CCCAC2BF91FD4007C7F2E /* Views */,
				856CCCAB2BF91FB7007C7F2E /* Models */,
				856CCCA82BF91F75007C7F2E /* Screens */,
				856CCC8C2BF8CDCC007C7F2E /* Apple_FrameworksApp.swift */,
				856CCC902BF8CDCD007C7F2E /* Assets.xcassets */,
				856CCC922BF8CDCD007C7F2E /* Preview Content */,
			);
			path = "Apple-Frameworks";
			sourceTree = "<group>";
		};
		856CCC922BF8CDCD007C7F2E /* Preview Content */ = {
			isa = PBXGroup;
			children = (
				856CCC932BF8CDCD007C7F2E /* Preview Assets.xcassets */,
			);
			path = "Preview Content";
			sourceTree = "<group>";
		};
		856CCCA82BF91F75007C7F2E /* Screens */ = {
			isa = PBXGroup;
			children = (
				856CCCA92BF91F7B007C7F2E /* FrameWorkGridView */,
				856CCCAA2BF91FA0007C7F2E /* FrameworkDetailView */,
			);
			path = Screens;
			sourceTree = "<group>";
		};
		856CCCA92BF91F7B007C7F2E /* FrameWorkGridView */ = {
			isa = PBXGroup;
			children = (
				856CCC8E2BF8CDCC007C7F2E /* FrameworkGridView.swift */,
				856CCCA02BF911B1007C7F2E /* FrameworkGridViewModel.swift */,
			);
			path = FrameWorkGridView;
			sourceTree = "<group>";
		};
		856CCCAA2BF91FA0007C7F2E /* FrameworkDetailView */ = {
			isa = PBXGroup;
			children = (
				856CCC9C2BF8D832007C7F2E /* FrameworkDetailView.swift */,
			);
			path = FrameworkDetailView;
			sourceTree = "<group>";
		};
		856CCCAB2BF91FB7007C7F2E /* Models */ = {
			isa = PBXGroup;
			children = (
				856CCC9A2BF8CEB7007C7F2E /* Framework.swift */,
			);
			path = Models;
			sourceTree = "<group>";
		};
		856CCCAC2BF91FD4007C7F2E /* Views */ = {
			isa = PBXGroup;
			children = (
				856CCCAE2BF91FF1007C7F2E /* View */,
				856CCCAD2BF91FDB007C7F2E /* Buttons */,
			);
			path = Views;
			sourceTree = "<group>";
		};
		856CCCAD2BF91FDB007C7F2E /* Buttons */ = {
			isa = PBXGroup;
			children = (
				856CCCA62BF91E17007C7F2E /* ModelXButton.swift */,
				856CCC9E2BF907BD007C7F2E /* AFButton.swift */,
			);
			path = Buttons;
			sourceTree = "<group>";
		};
		856CCCAE2BF91FF1007C7F2E /* View */ = {
			isa = PBXGroup;
			children = (
				856CCCA42BF91D4E007C7F2E /* FrameworkTitleView.swift */,
			);
			path = View;
			sourceTree = "<group>";
		};
		856CCCAF2BF92010007C7F2E /* UIKit Components */ = {
			isa = PBXGroup;
			children = (
				856CCCA22BF91852007C7F2E /* SafariView.swift */,
			);
			path = "UIKit Components";
			sourceTree = "<group>";
		};
/* End PBXGroup section */

/* Begin PBXNativeTarget section */
		856CCC882BF8CDCC007C7F2E /* Apple-Frameworks */ = {
			isa = PBXNativeTarget;
			buildConfigurationList = 856CCC972BF8CDCD007C7F2E /* Build configuration list for PBXNativeTarget "Apple-Frameworks" */;
			buildPhases = (
				856CCC852BF8CDCC007C7F2E /* Sources */,
				856CCC862BF8CDCC007C7F2E /* Frameworks */,
				856CCC872BF8CDCC007C7F2E /* Resources */,
			);
			buildRules = (
			);
			dependencies = (
			);
			name = "Apple-Frameworks";
			productName = "Apple-Frameworks";
			productReference = 856CCC892BF8CDCC007C7F2E /* Apple-Frameworks.app */;
			productType = "com.apple.product-type.application";
		};
/* End PBXNativeTarget section */

/* Begin PBXProject section */
		856CCC812BF8CDCC007C7F2E /* Project object */ = {
			isa = PBXProject;
			attributes = {
				BuildIndependentTargetsInParallel = 1;
				LastSwiftUpdateCheck = 1520;
				LastUpgradeCheck = 1520;
				TargetAttributes = {
					856CCC882BF8CDCC007C7F2E = {
						CreatedOnToolsVersion = 15.2;
					};
				};
			};
			buildConfigurationList = 856CCC842BF8CDCC007C7F2E /* Build configuration list for PBXProject "Apple-Frameworks" */;
			compatibilityVersion = "Xcode 14.0";
			developmentRegion = en;
			hasScannedForEncodings = 0;
			knownRegions = (
				en,
				Base,
			);
			mainGroup = 856CCC802BF8CDCC007C7F2E;
			productRefGroup = 856CCC8A2BF8CDCC007C7F2E /* Products */;
			projectDirPath = "";
			projectRoot = "";
			targets = (
				856CCC882BF8CDCC007C7F2E /* Apple-Frameworks */,
			);
		};
/* End PBXProject section */

/* Begin PBXResourcesBuildPhase section */
		856CCC872BF8CDCC007C7F2E /* Resources */ = {
			isa = PBXResourcesBuildPhase;
			buildActionMask = 2147483647;
			files = (
				856CCC942BF8CDCD007C7F2E /* Preview Assets.xcassets in Resources */,
				856CCC912BF8CDCD007C7F2E /* Assets.xcassets in Resources */,
			);
			runOnlyForDeploymentPostprocessing = 0;
		};
/* End PBXResourcesBuildPhase section */

/* Begin PBXSourcesBuildPhase section */
		856CCC852BF8CDCC007C7F2E /* Sources */ = {
			isa = PBXSourcesBuildPhase;
			buildActionMask = 2147483647;
			files = (
				856CCC9D2BF8D832007C7F2E /* FrameworkDetailView.swift in Sources */,
				856CCCA72BF91E17007C7F2E /* ModelXButton.swift in Sources */,
				856CCC8F2BF8CDCC007C7F2E /* FrameworkGridView.swift in Sources */,
				856CCC9B2BF8CEB7007C7F2E /* Framework.swift in Sources */,
				856CCC9F2BF907BD007C7F2E /* AFButton.swift in Sources */,
				856CCC8D2BF8CDCC007C7F2E /* Apple_FrameworksApp.swift in Sources */,
				856CCCA12BF911B1007C7F2E /* FrameworkGridViewModel.swift in Sources */,
				856CCCA52BF91D4E007C7F2E /* FrameworkTitleView.swift in Sources */,
				856CCCA32BF91852007C7F2E /* SafariView.swift in Sources */,
			);
			runOnlyForDeploymentPostprocessing = 0;
		};
/* End PBXSourcesBuildPhase section */

/* Begin XCBuildConfiguration section */
		856CCC952BF8CDCD007C7F2E /* Debug */ = {
			isa = XCBuildConfiguration;
			buildSettings = {
				ALWAYS_SEARCH_USER_PATHS = NO;
				ASSETCATALOG_COMPILER_GENERATE_SWIFT_ASSET_SYMBOL_EXTENSIONS = YES;
				CLANG_ANALYZER_NONNULL = YES;
				CLANG_ANALYZER_NUMBER_OBJECT_CONVERSION = YES_AGGRESSIVE;
				CLANG_CXX_LANGUAGE_STANDARD = "gnu++20";
				CLANG_ENABLE_MODULES = YES;
				CLANG_ENABLE_OBJC_ARC = YES;
				CLANG_ENABLE_OBJC_WEAK = YES;
				CLANG_WARN_BLOCK_CAPTURE_AUTORELEASING = YES;
				CLANG_WARN_BOOL_CONVERSION = YES;
				CLANG_WARN_COMMA = YES;
				CLANG_WARN_CONSTANT_CONVERSION = YES;
				CLANG_WARN_DEPRECATED_OBJC_IMPLEMENTATIONS = YES;
				CLANG_WARN_DIRECT_OBJC_ISA_USAGE = YES_ERROR;
				CLANG_WARN_DOCUMENTATION_COMMENTS = YES;
				CLANG_WARN_EMPTY_BODY = YES;
				CLANG_WARN_ENUM_CONVERSION = YES;
				CLANG_WARN_INFINITE_RECURSION = YES;
				CLANG_WARN_INT_CONVERSION = YES;
				CLANG_WARN_NON_LITERAL_NULL_CONVERSION = YES;
				CLANG_WARN_OBJC_IMPLICIT_RETAIN_SELF = YES;
				CLANG_WARN_OBJC_LITERAL_CONVERSION = YES;
				CLANG_WARN_OBJC_ROOT_CLASS = YES_ERROR;
				CLANG_WARN_QUOTED_INCLUDE_IN_FRAMEWORK_HEADER = YES;
				CLANG_WARN_RANGE_LOOP_ANALYSIS = YES;
				CLANG_WARN_STRICT_PROTOTYPES = YES;
				CLANG_WARN_SUSPICIOUS_MOVE = YES;
				CLANG_WARN_UNGUARDED_AVAILABILITY = YES_AGGRESSIVE;
				CLANG_WARN_UNREACHABLE_CODE = YES;
				CLANG_WARN__DUPLICATE_METHOD_MATCH = YES;
				COPY_PHASE_STRIP = NO;
				DEBUG_INFORMATION_FORMAT = dwarf;
				ENABLE_STRICT_OBJC_MSGSEND = YES;
				ENABLE_TESTABILITY = YES;
				ENABLE_USER_SCRIPT_SANDBOXING = YES;
				GCC_C_LANGUAGE_STANDARD = gnu17;
				GCC_DYNAMIC_NO_PIC = NO;
				GCC_NO_COMMON_BLOCKS = YES;
				GCC_OPTIMIZATION_LEVEL = 0;
				GCC_PREPROCESSOR_DEFINITIONS = (
					"DEBUG=1",
					"$(inherited)",
				);
				GCC_WARN_64_TO_32_BIT_CONVERSION = YES;
				GCC_WARN_ABOUT_RETURN_TYPE = YES_ERROR;
				GCC_WARN_UNDECLARED_SELECTOR = YES;
				GCC_WARN_UNINITIALIZED_AUTOS = YES_AGGRESSIVE;
				GCC_WARN_UNUSED_FUNCTION = YES;
				GCC_WARN_UNUSED_VARIABLE = YES;
				IPHONEOS_DEPLOYMENT_TARGET = 17.2;
				LOCALIZATION_PREFERS_STRING_CATALOGS = YES;
				MTL_ENABLE_DEBUG_INFO = INCLUDE_SOURCE;
				MTL_FAST_MATH = YES;
				ONLY_ACTIVE_ARCH = YES;
				SDKROOT = iphoneos;
				SWIFT_ACTIVE_COMPILATION_CONDITIONS = "DEBUG $(inherited)";
				SWIFT_OPTIMIZATION_LEVEL = "-Onone";
			};
			name = Debug;
		};
		856CCC962BF8CDCD007C7F2E /* Release */ = {
			isa = XCBuildConfiguration;
			buildSettings = {
				ALWAYS_SEARCH_USER_PATHS = NO;
				ASSETCATALOG_COMPILER_GENERATE_SWIFT_ASSET_SYMBOL_EXTENSIONS = YES;
				CLANG_ANALYZER_NONNULL = YES;
				CLANG_ANALYZER_NUMBER_OBJECT_CONVERSION = YES_AGGRESSIVE;
				CLANG_CXX_LANGUAGE_STANDARD = "gnu++20";
				CLANG_ENABLE_MODULES = YES;
				CLANG_ENABLE_OBJC_ARC = YES;
				CLANG_ENABLE_OBJC_WEAK = YES;
				CLANG_WARN_BLOCK_CAPTURE_AUTORELEASING = YES;
				CLANG_WARN_BOOL_CONVERSION = YES;
				CLANG_WARN_COMMA = YES;
				CLANG_WARN_CONSTANT_CONVERSION = YES;
				CLANG_WARN_DEPRECATED_OBJC_IMPLEMENTATIONS = YES;
				CLANG_WARN_DIRECT_OBJC_ISA_USAGE = YES_ERROR;
				CLANG_WARN_DOCUMENTATION_COMMENTS = YES;
				CLANG_WARN_EMPTY_BODY = YES;
				CLANG_WARN_ENUM_CONVERSION = YES;
				CLANG_WARN_INFINITE_RECURSION = YES;
				CLANG_WARN_INT_CONVERSION = YES;
				CLANG_WARN_NON_LITERAL_NULL_CONVERSION = YES;
				CLANG_WARN_OBJC_IMPLICIT_RETAIN_SELF = YES;
				CLANG_WARN_OBJC_LITERAL_CONVERSION = YES;
				CLANG_WARN_OBJC_ROOT_CLASS = YES_ERROR;
				CLANG_WARN_QUOTED_INCLUDE_IN_FRAMEWORK_HEADER = YES;
				CLANG_WARN_RANGE_LOOP_ANALYSIS = YES;
				CLANG_WARN_STRICT_PROTOTYPES = YES;
				CLANG_WARN_SUSPICIOUS_MOVE = YES;
				CLANG_WARN_UNGUARDED_AVAILABILITY = YES_AGGRESSIVE;
				CLANG_WARN_UNREACHABLE_CODE = YES;
				CLANG_WARN__DUPLICATE_METHOD_MATCH = YES;
				COPY_PHASE_STRIP = NO;
				DEBUG_INFORMATION_FORMAT = "dwarf-with-dsym";
				ENABLE_NS_ASSERTIONS = NO;
				ENABLE_STRICT_OBJC_MSGSEND = YES;
				ENABLE_USER_SCRIPT_SANDBOXING = YES;
				GCC_C_LANGUAGE_STANDARD = gnu17;
				GCC_NO_COMMON_BLOCKS = YES;
				GCC_WARN_64_TO_32_BIT_CONVERSION = YES;
				GCC_WARN_ABOUT_RETURN_TYPE = YES_ERROR;
				GCC_WARN_UNDECLARED_SELECTOR = YES;
				GCC_WARN_UNINITIALIZED_AUTOS = YES_AGGRESSIVE;
				GCC_WARN_UNUSED_FUNCTION = YES;
				GCC_WARN_UNUSED_VARIABLE = YES;
				IPHONEOS_DEPLOYMENT_TARGET = 17.2;
				LOCALIZATION_PREFERS_STRING_CATALOGS = YES;
				MTL_ENABLE_DEBUG_INFO = NO;
				MTL_FAST_MATH = YES;
				SDKROOT = iphoneos;
				SWIFT_COMPILATION_MODE = wholemodule;
				VALIDATE_PRODUCT = YES;
			};
			name = Release;
		};
		856CCC982BF8CDCD007C7F2E /* Debug */ = {
			isa = XCBuildConfiguration;
			buildSettings = {
				ASSETCATALOG_COMPILER_APPICON_NAME = AppIcon;
				ASSETCATALOG_COMPILER_GLOBAL_ACCENT_COLOR_NAME = AccentColor;
				CODE_SIGN_STYLE = Automatic;
				CURRENT_PROJECT_VERSION = 1;
				DEVELOPMENT_ASSET_PATHS = "\"Apple-Frameworks/Preview Content\"";
				DEVELOPMENT_TEAM = E27K7XB47V;
				ENABLE_PREVIEWS = YES;
				GENERATE_INFOPLIST_FILE = YES;
				INFOPLIST_KEY_UIApplicationSceneManifest_Generation = YES;
				INFOPLIST_KEY_UIApplicationSupportsIndirectInputEvents = YES;
				INFOPLIST_KEY_UILaunchScreen_Generation = YES;
				INFOPLIST_KEY_UISupportedInterfaceOrientations_iPad = "UIInterfaceOrientationPortrait UIInterfaceOrientationPortraitUpsideDown UIInterfaceOrientationLandscapeLeft UIInterfaceOrientationLandscapeRight";
				INFOPLIST_KEY_UISupportedInterfaceOrientations_iPhone = "UIInterfaceOrientationPortrait UIInterfaceOrientationLandscapeLeft UIInterfaceOrientationLandscapeRight";
				LD_RUNPATH_SEARCH_PATHS = (
					"$(inherited)",
					"@executable_path/Frameworks",
				);
				MARKETING_VERSION = 1.0;
				PRODUCT_BUNDLE_IDENTIFIER = "com.mnk.Apple-Frameworks";
				PRODUCT_NAME = "$(TARGET_NAME)";
				SWIFT_EMIT_LOC_STRINGS = YES;
				SWIFT_VERSION = 5.0;
				TARGETED_DEVICE_FAMILY = "1,2";
			};
			name = Debug;
		};
		856CCC992BF8CDCD007C7F2E /* Release */ = {
			isa = XCBuildConfiguration;
			buildSettings = {
				ASSETCATALOG_COMPILER_APPICON_NAME = AppIcon;
				ASSETCATALOG_COMPILER_GLOBAL_ACCENT_COLOR_NAME = AccentColor;
				CODE_SIGN_STYLE = Automatic;
				CURRENT_PROJECT_VERSION = 1;
				DEVELOPMENT_ASSET_PATHS = "\"Apple-Frameworks/Preview Content\"";
				DEVELOPMENT_TEAM = E27K7XB47V;
				ENABLE_PREVIEWS = YES;
				GENERATE_INFOPLIST_FILE = YES;
				INFOPLIST_KEY_UIApplicationSceneManifest_Generation = YES;
				INFOPLIST_KEY_UIApplicationSupportsIndirectInputEvents = YES;
				INFOPLIST_KEY_UILaunchScreen_Generation = YES;
				INFOPLIST_KEY_UISupportedInterfaceOrientations_iPad = "UIInterfaceOrientationPortrait UIInterfaceOrientationPortraitUpsideDown UIInterfaceOrientationLandscapeLeft UIInterfaceOrientationLandscapeRight";
				INFOPLIST_KEY_UISupportedInterfaceOrientations_iPhone = "UIInterfaceOrientationPortrait UIInterfaceOrientationLandscapeLeft UIInterfaceOrientationLandscapeRight";
				LD_RUNPATH_SEARCH_PATHS = (
					"$(inherited)",
					"@executable_path/Frameworks",
				);
				MARKETING_VERSION = 1.0;
				PRODUCT_BUNDLE_IDENTIFIER = "com.mnk.Apple-Frameworks";
				PRODUCT_NAME = "$(TARGET_NAME)";
				SWIFT_EMIT_LOC_STRINGS = YES;
				SWIFT_VERSION = 5.0;
				TARGETED_DEVICE_FAMILY = "1,2";
			};
			name = Release;
		};
/* End XCBuildConfiguration section */

/* Begin XCConfigurationList section */
		856CCC842BF8CDCC007C7F2E /* Build configuration list for PBXProject "Apple-Frameworks" */ = {
			isa = XCConfigurationList;
			buildConfigurations = (
				856CCC952BF8CDCD007C7F2E /* Debug */,
				856CCC962BF8CDCD007C7F2E /* Release */,
			);
			defaultConfigurationIsVisible = 0;
			defaultConfigurationName = Release;
		};
		856CCC972BF8CDCD007C7F2E /* Build configuration list for PBXNativeTarget "Apple-Frameworks" */ = {
			isa = XCConfigurationList;
			buildConfigurations = (
				856CCC982BF8CDCD007C7F2E /* Debug */,
				856CCC992BF8CDCD007C7F2E /* Release */,
			);
			defaultConfigurationIsVisible = 0;
			defaultConfigurationName = Release;
		};
/* End XCConfigurationList section */
	};
	rootObject = 856CCC812BF8CDCC007C7F2E /* Project object */;
}
